
Microsoft Visual Studio Solution File, Format Version 12.00
# Visual Studio 2013
VisualStudioVersion = 12.0.30723.0
MinimumVisualStudioVersion = 10.0.40219.1
Project("{FAE04EC0-301F-11D3-BF4B-00C04F79EFBC}") = "AdList.Data.Models", "AdList.Data.Models\AdList.Data.Models.csproj", "{A7955605-C766-4FDD-AD10-EBAA8F526043}"
EndProject
Project("{FAE04EC0-301F-11D3-BF4B-00C04F79EFBC}") = "AdList.Data", "AdList.Data\AdList.Data.csproj", "{789E155B-8B00-4841-9EE2-79AFDBD7E60B}"
EndProject
Project("{FAE04EC0-301F-11D3-BF4B-00C04F79EFBC}") = "AdList.Web", "AdList.Web\AdList.Web.csproj", "{B07B0EE8-E4C5-4C1A-A654-82B8D0B242C8}"
EndProject
Project("{FAE04EC0-301F-11D3-BF4B-00C04F79EFBC}") = "AdList.Data.Common", "AdList.Data.Common\AdList.Data.Common.csproj", "{A22BF89D-5DF2-44E9-91A7-EF6B0E06267C}"
EndProject
Project("{FAE04EC0-301F-11D3-BF4B-00C04F79EFBC}") = "AdList.Web.Infrastructure", "AdList.Web.Infrastructure\AdList.Web.Infrastructure.csproj", "{86CE0AEA-0F7E-4C82-98C2-E74D778B9FAB}"
EndProject
Global
	GlobalSection(SolutionConfigurationPlatforms) = preSolution
		Debug|Any CPU = Debug|Any CPU
		Release|Any CPU = Release|Any CPU
	EndGlobalSection
	GlobalSection(ProjectConfigurationPlatforms) = postSolution
		{A7955605-C766-4FDD-AD10-EBAA8F526043}.Debug|Any CPU.ActiveCfg = Debug|Any CPU
		{A7955605-C766-4FDD-AD10-EBAA8F526043}.Debug|Any CPU.Build.0 = Debug|Any CPU
		{A7955605-C766-4FDD-AD10-EBAA8F526043}.Release|Any CPU.ActiveCfg = Release|Any CPU
		{A7955605-C766-4FDD-AD10-EBAA8F526043}.Release|Any CPU.Build.0 = Release|Any CPU
		{789E155B-8B00-4841-9EE2-79AFDBD7E60B}.Debug|Any CPU.ActiveCfg = Debug|Any CPU
		{789E155B-8B00-4841-9EE2-79AFDBD7E60B}.Debug|Any CPU.Build.0 = Debug|Any CPU
		{789E155B-8B00-4841-9EE2-79AFDBD7E60B}.Release|Any CPU.ActiveCfg = Release|Any CPU
		{789E155B-8B00-4841-9EE2-79AFDBD7E60B}.Release|Any CPU.Build.0 = Release|Any CPU
		{B07B0EE8-E4C5-4C1A-A654-82B8D0B242C8}.Debug|Any CPU.ActiveCfg = Debug|Any CPU
		{B07B0EE8-E4C5-4C1A-A654-82B8D0B242C8}.Debug|Any CPU.Build.0 = Debug|Any CPU
		{B07B0EE8-E4C5-4C1A-A654-82B8D0B242C8}.Release|Any CPU.ActiveCfg = Release|Any CPU
		{B07B0EE8-E4C5-4C1A-A654-82B8D0B242C8}.Release|Any CPU.Build.0 = Release|Any CPU
		{A22BF89D-5DF2-44E9-91A7-EF6B0E06267C}.Debug|Any CPU.ActiveCfg = Debug|Any CPU
		{A22BF89D-5DF2-44E9-91A7-EF6B0E06267C}.Debug|Any CPU.Build.0 = Debug|Any CPU
		{A22BF89D-5DF2-44E9-91A7-EF6B0E06267C}.Release|Any CPU.ActiveCfg = Release|Any CPU
		{A22BF89D-5DF2-44E9-91A7-EF6B0E06267C}.Release|Any CPU.Build.0 = Release|Any CPU
		{86CE0AEA-0F7E-4C82-98C2-E74D778B9FAB}.Debug|Any CPU.ActiveCfg = Debug|Any CPU
		{86CE0AEA-0F7E-4C82-98C2-E74D778B9FAB}.Debug|Any CPU.Build.0 = Debug|Any CPU
		{86CE0AEA-0F7E-4C82-98C2-E74D778B9FAB}.Release|Any CPU.ActiveCfg = Release|Any CPU
		{86CE0AEA-0F7E-4C82-98C2-E74D778B9FAB}.Release|Any CPU.Build.0 = Release|Any CPU
	EndGlobalSection
	GlobalSection(SolutionProperties) = preSolution
		HideSolutionNode = FALSE
	EndGlobalSection
EndGlobal
